// !$*UTF8*$!
{
	archiveVersion = 1;
	classes = {
	};
	objectVersion = 46;
	objects = {

/* Begin PBXBuildFile section */
		428AA42318840D1400401165 /* Foundation.framework in Frameworks */ = {isa = PBXBuildFile; fileRef = 428AA42218840D1400401165 /* Foundation.framework */; };
		428AA42518840D1400401165 /* CoreGraphics.framework in Frameworks */ = {isa = PBXBuildFile; fileRef = 428AA42418840D1400401165 /* CoreGraphics.framework */; };
		428AA42718840D1400401165 /* UIKit.framework in Frameworks */ = {isa = PBXBuildFile; fileRef = 428AA42618840D1400401165 /* UIKit.framework */; };
		428AA42918840D1400401165 /* CoreData.framework in Frameworks */ = {isa = PBXBuildFile; fileRef = 428AA42818840D1400401165 /* CoreData.framework */; };
		428AA43118840D1400401165 /* main.m in Sources */ = {isa = PBXBuildFile; fileRef = 428AA43018840D1400401165 /* main.m */; };
		428AA43518840D1400401165 /* CRAppDelegate.m in Sources */ = {isa = PBXBuildFile; fileRef = 428AA43418840D1400401165 /* CRAppDelegate.m */; };
		428AA43818840D1400401165 /* Main.storyboard in Resources */ = {isa = PBXBuildFile; fileRef = 428AA43618840D1400401165 /* Main.storyboard */; };
		428AA43E18840D1400401165 /* CRRoastContentsViewController.m in Sources */ = {isa = PBXBuildFile; fileRef = 428AA43D18840D1400401165 /* CRRoastContentsViewController.m */; };
		428AA44318840D1400401165 /* Images.xcassets in Resources */ = {isa = PBXBuildFile; fileRef = 428AA44218840D1400401165 /* Images.xcassets */; };
		428AA44A18840D1400401165 /* XCTest.framework in Frameworks */ = {isa = PBXBuildFile; fileRef = 428AA44918840D1400401165 /* XCTest.framework */; };
		428AA44B18840D1400401165 /* Foundation.framework in Frameworks */ = {isa = PBXBuildFile; fileRef = 428AA42218840D1400401165 /* Foundation.framework */; };
		428AA44C18840D1400401165 /* UIKit.framework in Frameworks */ = {isa = PBXBuildFile; fileRef = 428AA42618840D1400401165 /* UIKit.framework */; };
		428AA44D18840D1400401165 /* CoreData.framework in Frameworks */ = {isa = PBXBuildFile; fileRef = 428AA42818840D1400401165 /* CoreData.framework */; };
		428AA45718840D1400401165 /* CoffeeRoastLoggerTests.m in Sources */ = {isa = PBXBuildFile; fileRef = 428AA45618840D1400401165 /* CoffeeRoastLoggerTests.m */; };
		428AA46318840D3D00401165 /* CRCoffeeData.xcdatamodeld in Sources */ = {isa = PBXBuildFile; fileRef = 428AA46118840D3D00401165 /* CRCoffeeData.xcdatamodeld */; };
		428AA49018842B9800401165 /* CRRoastManager.m in Sources */ = {isa = PBXBuildFile; fileRef = 428AA48F18842B9800401165 /* CRRoastManager.m */; };
		428AA49418842D3400401165 /* CRRoastInformation.m in Sources */ = {isa = PBXBuildFile; fileRef = 428AA49318842D3400401165 /* CRRoastInformation.m */; };
		428AA49718842DD200401165 /* CRHeatingInformation.m in Sources */ = {isa = PBXBuildFile; fileRef = 428AA49618842DD200401165 /* CRHeatingInformation.m */; };
		428AA49A18842DEB00401165 /* CREnvironmentInformation.m in Sources */ = {isa = PBXBuildFile; fileRef = 428AA49918842DEB00401165 /* CREnvironmentInformation.m */; };
		428AA49D18842DFB00401165 /* CRBeanInformation.m in Sources */ = {isa = PBXBuildFile; fileRef = 428AA49C18842DFB00401165 /* CRBeanInformation.m */; };
		428AA4BB1886DB7100401165 /* CRRoastDataSource.m in Sources */ = {isa = PBXBuildFile; fileRef = 428AA4BA1886DB7100401165 /* CRRoastDataSource.m */; };
		42B5DB401894E93200F0710E /* CRRoastItemEditingViewController.m in Sources */ = {isa = PBXBuildFile; fileRef = 42B5DB3F1894E93200F0710E /* CRRoastItemEditingViewController.m */; };
		42C8B4DE18AA6814006DBA4A /* CRBean.m in Sources */ = {isa = PBXBuildFile; fileRef = 42C8B4DD18AA6814006DBA4A /* CRBean.m */; };
		42C8B4E118AA6815006DBA4A /* CREnvironment.m in Sources */ = {isa = PBXBuildFile; fileRef = 42C8B4E018AA6815006DBA4A /* CREnvironment.m */; };
		42C8B4E418AA6815006DBA4A /* CRRoast.m in Sources */ = {isa = PBXBuildFile; fileRef = 42C8B4E318AA6815006DBA4A /* CRRoast.m */; };
		42C8B4E718AA6815006DBA4A /* CRHeating.m in Sources */ = {isa = PBXBuildFile; fileRef = 42C8B4E618AA6815006DBA4A /* CRHeating.m */; };
		42C8B4ED18ABAFA9006DBA4A /* NSError+UbiquityStoreManager.m in Sources */ = {isa = PBXBuildFile; fileRef = 42C8B4EA18ABAFA9006DBA4A /* NSError+UbiquityStoreManager.m */; };
		42C8B4EE18ABAFA9006DBA4A /* UbiquityStoreManager.m in Sources */ = {isa = PBXBuildFile; fileRef = 42C8B4EC18ABAFA9006DBA4A /* UbiquityStoreManager.m */; };
		42C8B4F218ABB81F006DBA4A /* JRSwizzle.m in Sources */ = {isa = PBXBuildFile; fileRef = 42C8B4F118ABB81F006DBA4A /* JRSwizzle.m */; };
		42C8B4FA18AD140C006DBA4A /* CRMainViewController.m in Sources */ = {isa = PBXBuildFile; fileRef = 42C8B4F918AD140C006DBA4A /* CRMainViewController.m */; };
		42C8B4FD18AE8B29006DBA4A /* CRTypes.m in Sources */ = {isa = PBXBuildFile; fileRef = 42C8B4FC18AE8B29006DBA4A /* CRTypes.m */; };
		42C8B51C18AF8E0D006DBA4A /* Localizable.strings in Resources */ = {isa = PBXBuildFile; fileRef = 42C8B51A18AF8E0D006DBA4A /* Localizable.strings */; };
		42CCF2D11897C0AC00E87843 /* TwoItemsCell.xib in Resources */ = {isa = PBXBuildFile; fileRef = 42CCF2D01897C0AC00E87843 /* TwoItemsCell.xib */; };
		42CCF2D51897C16200E87843 /* CRTwoItemsCell.m in Sources */ = {isa = PBXBuildFile; fileRef = 42CCF2D41897C16200E87843 /* CRTwoItemsCell.m */; };
		42CCF31B1897E80900E87843 /* CRDateEditingViewController.m in Sources */ = {isa = PBXBuildFile; fileRef = 42CCF31A1897E80900E87843 /* CRDateEditingViewController.m */; };
		42CCF31D189951BD00E87843 /* ConditionCell.xib in Resources */ = {isa = PBXBuildFile; fileRef = 42CCF31C189951BD00E87843 /* ConditionCell.xib */; };
		42CCF3201899527500E87843 /* CRConditionCell.m in Sources */ = {isa = PBXBuildFile; fileRef = 42CCF31F1899527500E87843 /* CRConditionCell.m */; };
		42CCF322189D56EC00E87843 /* EmptyCell.xib in Resources */ = {isa = PBXBuildFile; fileRef = 42CCF321189D56EC00E87843 /* EmptyCell.xib */; };
		42CCF325189D570400E87843 /* CREmptyCell.m in Sources */ = {isa = PBXBuildFile; fileRef = 42CCF324189D570400E87843 /* CREmptyCell.m */; };
		42CCF328189FC93A00E87843 /* CRSelectedPhotoViewController.m in Sources */ = {isa = PBXBuildFile; fileRef = 42CCF327189FC93A00E87843 /* CRSelectedPhotoViewController.m */; };
		42CCF32F18A12BFC00E87843 /* CRDatePickerAlertView.m in Sources */ = {isa = PBXBuildFile; fileRef = 42CCF32E18A12BFC00E87843 /* CRDatePickerAlertView.m */; };
		42CCF33118A2510900E87843 /* RoastItemCell.xib in Resources */ = {isa = PBXBuildFile; fileRef = 42CCF33018A2510900E87843 /* RoastItemCell.xib */; };
		42CCF33418A2519D00E87843 /* CRRoastItemCell.m in Sources */ = {isa = PBXBuildFile; fileRef = 42CCF33318A2519D00E87843 /* CRRoastItemCell.m */; };
		42CCF33718A2577100E87843 /* CRRoastItemResultViewController.m in Sources */ = {isa = PBXBuildFile; fileRef = 42CCF33618A2577100E87843 /* CRRoastItemResultViewController.m */; };
		42CCF33A18A295FB00E87843 /* CRTwoItemsCellButton.m in Sources */ = {isa = PBXBuildFile; fileRef = 42CCF33918A295FB00E87843 /* CRTwoItemsCellButton.m */; };
		42CCF34018A3EC2A00E87843 /* TwoItemResultCell.xib in Resources */ = {isa = PBXBuildFile; fileRef = 42CCF33F18A3EC2A00E87843 /* TwoItemResultCell.xib */; };
		42CCF34318A6015300E87843 /* ResultItemCell.xib in Resources */ = {isa = PBXBuildFile; fileRef = 42CCF34218A6015300E87843 /* ResultItemCell.xib */; };
		42CCF34618A601E700E87843 /* CRResultItemCell.m in Sources */ = {isa = PBXBuildFile; fileRef = 42CCF34518A601E700E87843 /* CRResultItemCell.m */; };
		42CCF34818A60D4200E87843 /* ResultItemHeaderCell.xib in Resources */ = {isa = PBXBuildFile; fileRef = 42CCF34718A60D4200E87843 /* ResultItemHeaderCell.xib */; };
		42CCF34B18A613DD00E87843 /* CRResultItemHeaderCell.m in Sources */ = {isa = PBXBuildFile; fileRef = 42CCF34A18A613DD00E87843 /* CRResultItemHeaderCell.m */; };
		42D0A5EE189CF6B500CCE450 /* CRMemoTextView.m in Sources */ = {isa = PBXBuildFile; fileRef = 42D0A5ED189CF6B500CCE450 /* CRMemoTextView.m */; };
		42D0A5F2189D086C00CCE450 /* CRUtility.m in Sources */ = {isa = PBXBuildFile; fileRef = 42D0A5F1189D086C00CCE450 /* CRUtility.m */; };
		42D0A5F4189E281200CCE450 /* AssetsLibrary.framework in Frameworks */ = {isa = PBXBuildFile; fileRef = 42D0A5F3189E281200CCE450 /* AssetsLibrary.framework */; };
		42D0A5F7189E28A700CCE450 /* CRImagePickerRootViewController.m in Sources */ = {isa = PBXBuildFile; fileRef = 42D0A5F6189E28A700CCE450 /* CRImagePickerRootViewController.m */; };
		42D0A5F9189E304A00CCE450 /* ImageRootCell.xib in Resources */ = {isa = PBXBuildFile; fileRef = 42D0A5F8189E304A00CCE450 /* ImageRootCell.xib */; };
		42D0A5FC189E30DD00CCE450 /* CRImageRootViewCell.m in Sources */ = {isa = PBXBuildFile; fileRef = 42D0A5FB189E30DD00CCE450 /* CRImageRootViewCell.m */; };
		42D0A5FF189E338200CCE450 /* CRAlbumContentsViewController.m in Sources */ = {isa = PBXBuildFile; fileRef = 42D0A5FE189E338200CCE450 /* CRAlbumContentsViewController.m */; };
		42E23B7D18AFA85F00152E6D /* default.png in Resources */ = {isa = PBXBuildFile; fileRef = 42E23B6F18AFA85F00152E6D /* default.png */; };
		42E23B7E18AFA85F00152E6D /* icon-60@2x.png in Resources */ = {isa = PBXBuildFile; fileRef = 42E23B7018AFA85F00152E6D /* icon-60@2x.png */; };
		42E23B7F18AFA85F00152E6D /* icon-72.png in Resources */ = {isa = PBXBuildFile; fileRef = 42E23B7118AFA85F00152E6D /* icon-72.png */; };
		42E23B8018AFA85F00152E6D /* icon-72@2x.png in Resources */ = {isa = PBXBuildFile; fileRef = 42E23B7218AFA85F00152E6D /* icon-72@2x.png */; };
		42E23B8118AFA85F00152E6D /* icon-76.png in Resources */ = {isa = PBXBuildFile; fileRef = 42E23B7318AFA85F00152E6D /* icon-76.png */; };
		42E23B8218AFA85F00152E6D /* icon-76@2x.png in Resources */ = {isa = PBXBuildFile; fileRef = 42E23B7418AFA85F00152E6D /* icon-76@2x.png */; };
		42E23B8318AFA85F00152E6D /* icon-small-40.png in Resources */ = {isa = PBXBuildFile; fileRef = 42E23B7518AFA85F00152E6D /* icon-small-40.png */; };
		42E23B8418AFA85F00152E6D /* icon-small-40@2x.png in Resources */ = {isa = PBXBuildFile; fileRef = 42E23B7618AFA85F00152E6D /* icon-small-40@2x.png */; };
		42E23B8518AFA85F00152E6D /* icon-small-50.png in Resources */ = {isa = PBXBuildFile; fileRef = 42E23B7718AFA85F00152E6D /* icon-small-50.png */; };
		42E23B8618AFA85F00152E6D /* icon-small-50@2x.png in Resources */ = {isa = PBXBuildFile; fileRef = 42E23B7818AFA85F00152E6D /* icon-small-50@2x.png */; };
		42E23B8718AFA85F00152E6D /* icon-small.png in Resources */ = {isa = PBXBuildFile; fileRef = 42E23B7918AFA85F00152E6D /* icon-small.png */; };
		42E23B8818AFA85F00152E6D /* icon-small@2x.png in Resources */ = {isa = PBXBuildFile; fileRef = 42E23B7A18AFA85F00152E6D /* icon-small@2x.png */; };
		42E23B8918AFA85F00152E6D /* icon.png in Resources */ = {isa = PBXBuildFile; fileRef = 42E23B7B18AFA85F00152E6D /* icon.png */; };
		42E23B8A18AFA85F00152E6D /* icon@2x.png in Resources */ = {isa = PBXBuildFile; fileRef = 42E23B7C18AFA85F00152E6D /* icon@2x.png */; };
		42E23B8D18AFBFE400152E6D /* CRConfigRootViewController.m in Sources */ = {isa = PBXBuildFile; fileRef = 42E23B8C18AFBFE400152E6D /* CRConfigRootViewController.m */; };
		42E23B8F18AFC15F00152E6D /* ConfigCell.xib in Resources */ = {isa = PBXBuildFile; fileRef = 42E23B8E18AFC15F00152E6D /* ConfigCell.xib */; };
		42E23B9218AFC19D00152E6D /* CRConfigCell.m in Sources */ = {isa = PBXBuildFile; fileRef = 42E23B9118AFC19D00152E6D /* CRConfigCell.m */; };
		42E23B9418AFD62800152E6D /* LICENSE in Resources */ = {isa = PBXBuildFile; fileRef = 42E23B9318AFD62800152E6D /* LICENSE */; };
		42E23B9718AFD75B00152E6D /* CRLicenceInformationViewController.m in Sources */ = {isa = PBXBuildFile; fileRef = 42E23B9618AFD75B00152E6D /* CRLicenceInformationViewController.m */; };
		42E23B9A18AFE34E00152E6D /* CRAboutViewController.m in Sources */ = {isa = PBXBuildFile; fileRef = 42E23B9918AFE34E00152E6D /* CRAboutViewController.m */; };
		42E23B9C18AFF03300152E6D /* Social.framework in Frameworks */ = {isa = PBXBuildFile; fileRef = 42E23B9B18AFF03300152E6D /* Social.framework */; };
		42E23BA218AFF9A100152E6D /* share_button.png in Resources */ = {isa = PBXBuildFile; fileRef = 42E23BA118AFF9A100152E6D /* share_button.png */; };
		42FA30D818A6969F0061B778 /* CRConfiguration.m in Sources */ = {isa = PBXBuildFile; fileRef = 42FA30D718A6969F0061B778 /* CRConfiguration.m */; };
		42FA30DB18A7743A0061B778 /* table_indicator.png in Resources */ = {isa = PBXBuildFile; fileRef = 42FA30DA18A7743A0061B778 /* table_indicator.png */; };
		42FA30E918A903580061B778 /* ResultMemoCell.xib in Resources */ = {isa = PBXBuildFile; fileRef = 42FA30E818A903580061B778 /* ResultMemoCell.xib */; };
		42FA30EC18A9047C0061B778 /* CRResultMemoCell.m in Sources */ = {isa = PBXBuildFile; fileRef = 42FA30EB18A9047C0061B778 /* CRResultMemoCell.m */; };
		42FA30F118A937C60061B778 /* Localizable.strings in Resources */ = {isa = PBXBuildFile; fileRef = 42FA30EF18A937C60061B778 /* Localizable.strings */; };
		42FA30F618A937F20061B778 /* Localizable.strings in Resources */ = {isa = PBXBuildFile; fileRef = 42FA30F418A937F20061B778 /* Localizable.strings */; };
/* End PBXBuildFile section */

/* Begin PBXContainerItemProxy section */
		428AA44E18840D1400401165 /* PBXContainerItemProxy */ = {
			isa = PBXContainerItemProxy;
			containerPortal = 428AA41718840D1400401165 /* Project object */;
			proxyType = 1;
			remoteGlobalIDString = 428AA41E18840D1400401165;
			remoteInfo = CoffeeRoastLogger;
		};
/* End PBXContainerItemProxy section */

/* Begin PBXFileReference section */
		428AA41F18840D1400401165 /* CoffeeRoastLogger.app */ = {isa = PBXFileReference; explicitFileType = wrapper.application; includeInIndex = 0; path = CoffeeRoastLogger.app; sourceTree = BUILT_PRODUCTS_DIR; };
		428AA42218840D1400401165 /* Foundation.framework */ = {isa = PBXFileReference; lastKnownFileType = wrapper.framework; name = Foundation.framework; path = System/Library/Frameworks/Foundation.framework; sourceTree = SDKROOT; };
		428AA42418840D1400401165 /* CoreGraphics.framework */ = {isa = PBXFileReference; lastKnownFileType = wrapper.framework; name = CoreGraphics.framework; path = System/Library/Frameworks/CoreGraphics.framework; sourceTree = SDKROOT; };
		428AA42618840D1400401165 /* UIKit.framework */ = {isa = PBXFileReference; lastKnownFileType = wrapper.framework; name = UIKit.framework; path = System/Library/Frameworks/UIKit.framework; sourceTree = SDKROOT; };
		428AA42818840D1400401165 /* CoreData.framework */ = {isa = PBXFileReference; lastKnownFileType = wrapper.framework; name = CoreData.framework; path = System/Library/Frameworks/CoreData.framework; sourceTree = SDKROOT; };
		428AA42C18840D1400401165 /* CoffeeRoastLogger-Info.plist */ = {isa = PBXFileReference; lastKnownFileType = text.plist.xml; path = "CoffeeRoastLogger-Info.plist"; sourceTree = "<group>"; };
		428AA43018840D1400401165 /* main.m */ = {isa = PBXFileReference; lastKnownFileType = sourcecode.c.objc; path = main.m; sourceTree = "<group>"; };
		428AA43218840D1400401165 /* CoffeeRoastLogger-Prefix.pch */ = {isa = PBXFileReference; lastKnownFileType = sourcecode.c.h; path = "CoffeeRoastLogger-Prefix.pch"; sourceTree = "<group>"; };
		428AA43318840D1400401165 /* CRAppDelegate.h */ = {isa = PBXFileReference; lastKnownFileType = sourcecode.c.h; path = CRAppDelegate.h; sourceTree = "<group>"; };
		428AA43418840D1400401165 /* CRAppDelegate.m */ = {isa = PBXFileReference; lastKnownFileType = sourcecode.c.objc; path = CRAppDelegate.m; sourceTree = "<group>"; };
		428AA43718840D1400401165 /* Base */ = {isa = PBXFileReference; lastKnownFileType = file.storyboard; name = Base; path = Base.lproj/Main.storyboard; sourceTree = "<group>"; };
		428AA43C18840D1400401165 /* CRRoastContentsViewController.h */ = {isa = PBXFileReference; lastKnownFileType = sourcecode.c.h; path = CRRoastContentsViewController.h; sourceTree = "<group>"; };
		428AA43D18840D1400401165 /* CRRoastContentsViewController.m */ = {isa = PBXFileReference; lastKnownFileType = sourcecode.c.objc; path = CRRoastContentsViewController.m; sourceTree = "<group>"; };
		428AA44218840D1400401165 /* Images.xcassets */ = {isa = PBXFileReference; lastKnownFileType = folder.assetcatalog; path = Images.xcassets; sourceTree = "<group>"; };
		428AA44818840D1400401165 /* CoffeeRoastLoggerTests.xctest */ = {isa = PBXFileReference; explicitFileType = wrapper.cfbundle; includeInIndex = 0; path = CoffeeRoastLoggerTests.xctest; sourceTree = BUILT_PRODUCTS_DIR; };
		428AA44918840D1400401165 /* XCTest.framework */ = {isa = PBXFileReference; lastKnownFileType = wrapper.framework; name = XCTest.framework; path = Library/Frameworks/XCTest.framework; sourceTree = DEVELOPER_DIR; };
		428AA45218840D1400401165 /* CoffeeRoastLoggerTests-Info.plist */ = {isa = PBXFileReference; lastKnownFileType = text.plist.xml; path = "CoffeeRoastLoggerTests-Info.plist"; sourceTree = "<group>"; };
		428AA45618840D1400401165 /* CoffeeRoastLoggerTests.m */ = {isa = PBXFileReference; lastKnownFileType = sourcecode.c.objc; path = CoffeeRoastLoggerTests.m; sourceTree = "<group>"; };
		428AA46218840D3D00401165 /* CRCoffeeData.xcdatamodel */ = {isa = PBXFileReference; lastKnownFileType = wrapper.xcdatamodel; path = CRCoffeeData.xcdatamodel; sourceTree = "<group>"; };
		428AA48E18842B9800401165 /* CRRoastManager.h */ = {isa = PBXFileReference; fileEncoding = 4; lastKnownFileType = sourcecode.c.h; path = CRRoastManager.h; sourceTree = "<group>"; };
		428AA48F18842B9800401165 /* CRRoastManager.m */ = {isa = PBXFileReference; fileEncoding = 4; lastKnownFileType = sourcecode.c.objc; path = CRRoastManager.m; sourceTree = "<group>"; };
		428AA49218842D3400401165 /* CRRoastInformation.h */ = {isa = PBXFileReference; fileEncoding = 4; lastKnownFileType = sourcecode.c.h; path = CRRoastInformation.h; sourceTree = "<group>"; };
		428AA49318842D3400401165 /* CRRoastInformation.m */ = {isa = PBXFileReference; fileEncoding = 4; lastKnownFileType = sourcecode.c.objc; path = CRRoastInformation.m; sourceTree = "<group>"; };
		428AA49518842DD200401165 /* CRHeatingInformation.h */ = {isa = PBXFileReference; fileEncoding = 4; lastKnownFileType = sourcecode.c.h; path = CRHeatingInformation.h; sourceTree = "<group>"; };
		428AA49618842DD200401165 /* CRHeatingInformation.m */ = {isa = PBXFileReference; fileEncoding = 4; lastKnownFileType = sourcecode.c.objc; path = CRHeatingInformation.m; sourceTree = "<group>"; };
		428AA49818842DEB00401165 /* CREnvironmentInformation.h */ = {isa = PBXFileReference; fileEncoding = 4; lastKnownFileType = sourcecode.c.h; path = CREnvironmentInformation.h; sourceTree = "<group>"; };
		428AA49918842DEB00401165 /* CREnvironmentInformation.m */ = {isa = PBXFileReference; fileEncoding = 4; lastKnownFileType = sourcecode.c.objc; path = CREnvironmentInformation.m; sourceTree = "<group>"; };
		428AA49B18842DFB00401165 /* CRBeanInformation.h */ = {isa = PBXFileReference; fileEncoding = 4; lastKnownFileType = sourcecode.c.h; path = CRBeanInformation.h; sourceTree = "<group>"; };
		428AA49C18842DFB00401165 /* CRBeanInformation.m */ = {isa = PBXFileReference; fileEncoding = 4; lastKnownFileType = sourcecode.c.objc; path = CRBeanInformation.m; sourceTree = "<group>"; };
		428AA4B91886DB7100401165 /* CRRoastDataSource.h */ = {isa = PBXFileReference; fileEncoding = 4; lastKnownFileType = sourcecode.c.h; path = CRRoastDataSource.h; sourceTree = "<group>"; };
		428AA4BA1886DB7100401165 /* CRRoastDataSource.m */ = {isa = PBXFileReference; fileEncoding = 4; lastKnownFileType = sourcecode.c.objc; path = CRRoastDataSource.m; sourceTree = "<group>"; };
		42B5DB3E1894E93200F0710E /* CRRoastItemEditingViewController.h */ = {isa = PBXFileReference; fileEncoding = 4; lastKnownFileType = sourcecode.c.h; name = CRRoastItemEditingViewController.h; path = ViewController/CRRoastItemEditingViewController.h; sourceTree = "<group>"; };
		42B5DB3F1894E93200F0710E /* CRRoastItemEditingViewController.m */ = {isa = PBXFileReference; fileEncoding = 4; lastKnownFileType = sourcecode.c.objc; name = CRRoastItemEditingViewController.m; path = ViewController/CRRoastItemEditingViewController.m; sourceTree = "<group>"; };
		42C8B4DC18AA6814006DBA4A /* CRBean.h */ = {isa = PBXFileReference; fileEncoding = 4; lastKnownFileType = sourcecode.c.h; path = CRBean.h; sourceTree = "<group>"; };
		42C8B4DD18AA6814006DBA4A /* CRBean.m */ = {isa = PBXFileReference; fileEncoding = 4; lastKnownFileType = sourcecode.c.objc; path = CRBean.m; sourceTree = "<group>"; };
		42C8B4DF18AA6815006DBA4A /* CREnvironment.h */ = {isa = PBXFileReference; fileEncoding = 4; lastKnownFileType = sourcecode.c.h; path = CREnvironment.h; sourceTree = "<group>"; };
		42C8B4E018AA6815006DBA4A /* CREnvironment.m */ = {isa = PBXFileReference; fileEncoding = 4; lastKnownFileType = sourcecode.c.objc; path = CREnvironment.m; sourceTree = "<group>"; };
		42C8B4E218AA6815006DBA4A /* CRRoast.h */ = {isa = PBXFileReference; fileEncoding = 4; lastKnownFileType = sourcecode.c.h; path = CRRoast.h; sourceTree = "<group>"; };
		42C8B4E318AA6815006DBA4A /* CRRoast.m */ = {isa = PBXFileReference; fileEncoding = 4; lastKnownFileType = sourcecode.c.objc; path = CRRoast.m; sourceTree = "<group>"; };
		42C8B4E518AA6815006DBA4A /* CRHeating.h */ = {isa = PBXFileReference; fileEncoding = 4; lastKnownFileType = sourcecode.c.h; path = CRHeating.h; sourceTree = "<group>"; };
		42C8B4E618AA6815006DBA4A /* CRHeating.m */ = {isa = PBXFileReference; fileEncoding = 4; lastKnownFileType = sourcecode.c.objc; path = CRHeating.m; sourceTree = "<group>"; };
		42C8B4E918ABAFA9006DBA4A /* NSError+UbiquityStoreManager.h */ = {isa = PBXFileReference; fileEncoding = 4; lastKnownFileType = sourcecode.c.h; path = "NSError+UbiquityStoreManager.h"; sourceTree = "<group>"; };
		42C8B4EA18ABAFA9006DBA4A /* NSError+UbiquityStoreManager.m */ = {isa = PBXFileReference; fileEncoding = 4; lastKnownFileType = sourcecode.c.objc; path = "NSError+UbiquityStoreManager.m"; sourceTree = "<group>"; };
		42C8B4EB18ABAFA9006DBA4A /* UbiquityStoreManager.h */ = {isa = PBXFileReference; fileEncoding = 4; lastKnownFileType = sourcecode.c.h; path = UbiquityStoreManager.h; sourceTree = "<group>"; };
		42C8B4EC18ABAFA9006DBA4A /* UbiquityStoreManager.m */ = {isa = PBXFileReference; fileEncoding = 4; lastKnownFileType = sourcecode.c.objc; path = UbiquityStoreManager.m; sourceTree = "<group>"; };
		42C8B4F018ABB81F006DBA4A /* JRSwizzle.h */ = {isa = PBXFileReference; fileEncoding = 4; lastKnownFileType = sourcecode.c.h; path = JRSwizzle.h; sourceTree = "<group>"; };
		42C8B4F118ABB81F006DBA4A /* JRSwizzle.m */ = {isa = PBXFileReference; fileEncoding = 4; lastKnownFileType = sourcecode.c.objc; path = JRSwizzle.m; sourceTree = "<group>"; };
		42C8B4F818AD140C006DBA4A /* CRMainViewController.h */ = {isa = PBXFileReference; fileEncoding = 4; lastKnownFileType = sourcecode.c.h; name = CRMainViewController.h; path = ViewController/CRMainViewController.h; sourceTree = "<group>"; };
		42C8B4F918AD140C006DBA4A /* CRMainViewController.m */ = {isa = PBXFileReference; fileEncoding = 4; lastKnownFileType = sourcecode.c.objc; name = CRMainViewController.m; path = ViewController/CRMainViewController.m; sourceTree = "<group>"; };
		42C8B4FB18AE8B29006DBA4A /* CRTypes.h */ = {isa = PBXFileReference; fileEncoding = 4; lastKnownFileType = sourcecode.c.h; path = CRTypes.h; sourceTree = "<group>"; };
		42C8B4FC18AE8B29006DBA4A /* CRTypes.m */ = {isa = PBXFileReference; fileEncoding = 4; lastKnownFileType = sourcecode.c.objc; path = CRTypes.m; sourceTree = "<group>"; };
		42C8B51B18AF8E0D006DBA4A /* Base */ = {isa = PBXFileReference; lastKnownFileType = text.plist.strings; name = Base; path = Base.lproj/Localizable.strings; sourceTree = "<group>"; };
		42CCF2D01897C0AC00E87843 /* TwoItemsCell.xib */ = {isa = PBXFileReference; fileEncoding = 4; lastKnownFileType = file.xib; path = TwoItemsCell.xib; sourceTree = "<group>"; };
		42CCF2D31897C16200E87843 /* CRTwoItemsCell.h */ = {isa = PBXFileReference; fileEncoding = 4; lastKnownFileType = sourcecode.c.h; name = CRTwoItemsCell.h; path = View/CRTwoItemsCell.h; sourceTree = "<group>"; };
		42CCF2D41897C16200E87843 /* CRTwoItemsCell.m */ = {isa = PBXFileReference; fileEncoding = 4; lastKnownFileType = sourcecode.c.objc; name = CRTwoItemsCell.m; path = View/CRTwoItemsCell.m; sourceTree = "<group>"; };
		42CCF3191897E80900E87843 /* CRDateEditingViewController.h */ = {isa = PBXFileReference; fileEncoding = 4; lastKnownFileType = sourcecode.c.h; name = CRDateEditingViewController.h; path = ViewController/CRDateEditingViewController.h; sourceTree = "<group>"; };
		42CCF31A1897E80900E87843 /* CRDateEditingViewController.m */ = {isa = PBXFileReference; fileEncoding = 4; lastKnownFileType = sourcecode.c.objc; name = CRDateEditingViewController.m; path = ViewController/CRDateEditingViewController.m; sourceTree = "<group>"; };
		42CCF31C189951BD00E87843 /* ConditionCell.xib */ = {isa = PBXFileReference; fileEncoding = 4; lastKnownFileType = file.xib; path = ConditionCell.xib; sourceTree = "<group>"; };
		42CCF31E1899527500E87843 /* CRConditionCell.h */ = {isa = PBXFileReference; fileEncoding = 4; lastKnownFileType = sourcecode.c.h; name = CRConditionCell.h; path = View/CRConditionCell.h; sourceTree = "<group>"; };
		42CCF31F1899527500E87843 /* CRConditionCell.m */ = {isa = PBXFileReference; fileEncoding = 4; lastKnownFileType = sourcecode.c.objc; name = CRConditionCell.m; path = View/CRConditionCell.m; sourceTree = "<group>"; };
		42CCF321189D56EC00E87843 /* EmptyCell.xib */ = {isa = PBXFileReference; fileEncoding = 4; lastKnownFileType = file.xib; path = EmptyCell.xib; sourceTree = "<group>"; };
		42CCF323189D570400E87843 /* CREmptyCell.h */ = {isa = PBXFileReference; fileEncoding = 4; lastKnownFileType = sourcecode.c.h; name = CREmptyCell.h; path = View/CREmptyCell.h; sourceTree = "<group>"; };
		42CCF324189D570400E87843 /* CREmptyCell.m */ = {isa = PBXFileReference; fileEncoding = 4; lastKnownFileType = sourcecode.c.objc; name = CREmptyCell.m; path = View/CREmptyCell.m; sourceTree = "<group>"; };
		42CCF326189FC93A00E87843 /* CRSelectedPhotoViewController.h */ = {isa = PBXFileReference; fileEncoding = 4; lastKnownFileType = sourcecode.c.h; name = CRSelectedPhotoViewController.h; path = ViewController/CRSelectedPhotoViewController.h; sourceTree = "<group>"; };
		42CCF327189FC93A00E87843 /* CRSelectedPhotoViewController.m */ = {isa = PBXFileReference; fileEncoding = 4; lastKnownFileType = sourcecode.c.objc; name = CRSelectedPhotoViewController.m; path = ViewController/CRSelectedPhotoViewController.m; sourceTree = "<group>"; };
		42CCF32D18A12BFC00E87843 /* CRDatePickerAlertView.h */ = {isa = PBXFileReference; fileEncoding = 4; lastKnownFileType = sourcecode.c.h; name = CRDatePickerAlertView.h; path = View/CRDatePickerAlertView.h; sourceTree = "<group>"; };
		42CCF32E18A12BFC00E87843 /* CRDatePickerAlertView.m */ = {isa = PBXFileReference; fileEncoding = 4; lastKnownFileType = sourcecode.c.objc; name = CRDatePickerAlertView.m; path = View/CRDatePickerAlertView.m; sourceTree = "<group>"; };
		42CCF33018A2510900E87843 /* RoastItemCell.xib */ = {isa = PBXFileReference; fileEncoding = 4; lastKnownFileType = file.xib; path = RoastItemCell.xib; sourceTree = "<group>"; };
		42CCF33218A2519D00E87843 /* CRRoastItemCell.h */ = {isa = PBXFileReference; fileEncoding = 4; lastKnownFileType = sourcecode.c.h; name = CRRoastItemCell.h; path = View/CRRoastItemCell.h; sourceTree = "<group>"; };
		42CCF33318A2519D00E87843 /* CRRoastItemCell.m */ = {isa = PBXFileReference; fileEncoding = 4; lastKnownFileType = sourcecode.c.objc; name = CRRoastItemCell.m; path = View/CRRoastItemCell.m; sourceTree = "<group>"; };
		42CCF33518A2577100E87843 /* CRRoastItemResultViewController.h */ = {isa = PBXFileReference; fileEncoding = 4; lastKnownFileType = sourcecode.c.h; name = CRRoastItemResultViewController.h; path = ViewController/CRRoastItemResultViewController.h; sourceTree = "<group>"; };
		42CCF33618A2577100E87843 /* CRRoastItemResultViewController.m */ = {isa = PBXFileReference; fileEncoding = 4; lastKnownFileType = sourcecode.c.objc; name = CRRoastItemResultViewController.m; path = ViewController/CRRoastItemResultViewController.m; sourceTree = "<group>"; };
		42CCF33818A295FB00E87843 /* CRTwoItemsCellButton.h */ = {isa = PBXFileReference; fileEncoding = 4; lastKnownFileType = sourcecode.c.h; name = CRTwoItemsCellButton.h; path = View/CRTwoItemsCellButton.h; sourceTree = "<group>"; };
		42CCF33918A295FB00E87843 /* CRTwoItemsCellButton.m */ = {isa = PBXFileReference; fileEncoding = 4; lastKnownFileType = sourcecode.c.objc; name = CRTwoItemsCellButton.m; path = View/CRTwoItemsCellButton.m; sourceTree = "<group>"; };
		42CCF33F18A3EC2A00E87843 /* TwoItemResultCell.xib */ = {isa = PBXFileReference; fileEncoding = 4; lastKnownFileType = file.xib; path = TwoItemResultCell.xib; sourceTree = "<group>"; };
		42CCF34118A3EEC500E87843 /* CoffeeRoastLogger.entitlements */ = {isa = PBXFileReference; lastKnownFileType = text.xml; path = CoffeeRoastLogger.entitlements; sourceTree = "<group>"; };
		42CCF34218A6015300E87843 /* ResultItemCell.xib */ = {isa = PBXFileReference; fileEncoding = 4; lastKnownFileType = file.xib; path = ResultItemCell.xib; sourceTree = "<group>"; };
		42CCF34418A601E700E87843 /* CRResultItemCell.h */ = {isa = PBXFileReference; fileEncoding = 4; lastKnownFileType = sourcecode.c.h; name = CRResultItemCell.h; path = View/CRResultItemCell.h; sourceTree = "<group>"; };
		42CCF34518A601E700E87843 /* CRResultItemCell.m */ = {isa = PBXFileReference; fileEncoding = 4; lastKnownFileType = sourcecode.c.objc; name = CRResultItemCell.m; path = View/CRResultItemCell.m; sourceTree = "<group>"; };
		42CCF34718A60D4200E87843 /* ResultItemHeaderCell.xib */ = {isa = PBXFileReference; fileEncoding = 4; lastKnownFileType = file.xib; path = ResultItemHeaderCell.xib; sourceTree = "<group>"; };
		42CCF34918A613DD00E87843 /* CRResultItemHeaderCell.h */ = {isa = PBXFileReference; fileEncoding = 4; lastKnownFileType = sourcecode.c.h; name = CRResultItemHeaderCell.h; path = View/CRResultItemHeaderCell.h; sourceTree = "<group>"; };
		42CCF34A18A613DD00E87843 /* CRResultItemHeaderCell.m */ = {isa = PBXFileReference; fileEncoding = 4; lastKnownFileType = sourcecode.c.objc; name = CRResultItemHeaderCell.m; path = View/CRResultItemHeaderCell.m; sourceTree = "<group>"; };
		42D0A5EC189CF6B500CCE450 /* CRMemoTextView.h */ = {isa = PBXFileReference; fileEncoding = 4; lastKnownFileType = sourcecode.c.h; name = CRMemoTextView.h; path = View/CRMemoTextView.h; sourceTree = "<group>"; };
		42D0A5ED189CF6B500CCE450 /* CRMemoTextView.m */ = {isa = PBXFileReference; fileEncoding = 4; lastKnownFileType = sourcecode.c.objc; name = CRMemoTextView.m; path = View/CRMemoTextView.m; sourceTree = "<group>"; };
		42D0A5F0189D086C00CCE450 /* CRUtility.h */ = {isa = PBXFileReference; fileEncoding = 4; lastKnownFileType = sourcecode.c.h; name = CRUtility.h; path = Utility/CRUtility.h; sourceTree = "<group>"; };
		42D0A5F1189D086C00CCE450 /* CRUtility.m */ = {isa = PBXFileReference; fileEncoding = 4; lastKnownFileType = sourcecode.c.objc; name = CRUtility.m; path = Utility/CRUtility.m; sourceTree = "<group>"; };
		42D0A5F3189E281200CCE450 /* AssetsLibrary.framework */ = {isa = PBXFileReference; lastKnownFileType = wrapper.framework; name = AssetsLibrary.framework; path = System/Library/Frameworks/AssetsLibrary.framework; sourceTree = SDKROOT; };
		42D0A5F5189E28A700CCE450 /* CRImagePickerRootViewController.h */ = {isa = PBXFileReference; fileEncoding = 4; lastKnownFileType = sourcecode.c.h; name = CRImagePickerRootViewController.h; path = ViewController/CRImagePickerRootViewController.h; sourceTree = "<group>"; };
		42D0A5F6189E28A700CCE450 /* CRImagePickerRootViewController.m */ = {isa = PBXFileReference; fileEncoding = 4; lastKnownFileType = sourcecode.c.objc; name = CRImagePickerRootViewController.m; path = ViewController/CRImagePickerRootViewController.m; sourceTree = "<group>"; };
		42D0A5F8189E304A00CCE450 /* ImageRootCell.xib */ = {isa = PBXFileReference; fileEncoding = 4; lastKnownFileType = file.xib; path = ImageRootCell.xib; sourceTree = "<group>"; };
		42D0A5FA189E30DD00CCE450 /* CRImageRootViewCell.h */ = {isa = PBXFileReference; fileEncoding = 4; lastKnownFileType = sourcecode.c.h; name = CRImageRootViewCell.h; path = View/CRImageRootViewCell.h; sourceTree = "<group>"; };
		42D0A5FB189E30DD00CCE450 /* CRImageRootViewCell.m */ = {isa = PBXFileReference; fileEncoding = 4; lastKnownFileType = sourcecode.c.objc; name = CRImageRootViewCell.m; path = View/CRImageRootViewCell.m; sourceTree = "<group>"; };
		42D0A5FD189E338200CCE450 /* CRAlbumContentsViewController.h */ = {isa = PBXFileReference; fileEncoding = 4; lastKnownFileType = sourcecode.c.h; name = CRAlbumContentsViewController.h; path = ViewController/CRAlbumContentsViewController.h; sourceTree = "<group>"; };
		42D0A5FE189E338200CCE450 /* CRAlbumContentsViewController.m */ = {isa = PBXFileReference; fileEncoding = 4; lastKnownFileType = sourcecode.c.objc; name = CRAlbumContentsViewController.m; path = ViewController/CRAlbumContentsViewController.m; sourceTree = "<group>"; };
		42E23B6F18AFA85F00152E6D /* default.png */ = {isa = PBXFileReference; lastKnownFileType = image.png; name = default.png; path = Images/default.png; sourceTree = "<group>"; };
		42E23B7018AFA85F00152E6D /* icon-60@2x.png */ = {isa = PBXFileReference; lastKnownFileType = image.png; name = "icon-60@2x.png"; path = "Images/icon-60@2x.png"; sourceTree = "<group>"; };
		42E23B7118AFA85F00152E6D /* icon-72.png */ = {isa = PBXFileReference; lastKnownFileType = image.png; name = "icon-72.png"; path = "Images/icon-72.png"; sourceTree = "<group>"; };
		42E23B7218AFA85F00152E6D /* icon-72@2x.png */ = {isa = PBXFileReference; lastKnownFileType = image.png; name = "icon-72@2x.png"; path = "Images/icon-72@2x.png"; sourceTree = "<group>"; };
		42E23B7318AFA85F00152E6D /* icon-76.png */ = {isa = PBXFileReference; lastKnownFileType = image.png; name = "icon-76.png"; path = "Images/icon-76.png"; sourceTree = "<group>"; };
		42E23B7418AFA85F00152E6D /* icon-76@2x.png */ = {isa = PBXFileReference; lastKnownFileType = image.png; name = "icon-76@2x.png"; path = "Images/icon-76@2x.png"; sourceTree = "<group>"; };
		42E23B7518AFA85F00152E6D /* icon-small-40.png */ = {isa = PBXFileReference; lastKnownFileType = image.png; name = "icon-small-40.png"; path = "Images/icon-small-40.png"; sourceTree = "<group>"; };
		42E23B7618AFA85F00152E6D /* icon-small-40@2x.png */ = {isa = PBXFileReference; lastKnownFileType = image.png; name = "icon-small-40@2x.png"; path = "Images/icon-small-40@2x.png"; sourceTree = "<group>"; };
		42E23B7718AFA85F00152E6D /* icon-small-50.png */ = {isa = PBXFileReference; lastKnownFileType = image.png; name = "icon-small-50.png"; path = "Images/icon-small-50.png"; sourceTree = "<group>"; };
		42E23B7818AFA85F00152E6D /* icon-small-50@2x.png */ = {isa = PBXFileReference; lastKnownFileType = image.png; name = "icon-small-50@2x.png"; path = "Images/icon-small-50@2x.png"; sourceTree = "<group>"; };
		42E23B7918AFA85F00152E6D /* icon-small.png */ = {isa = PBXFileReference; lastKnownFileType = image.png; name = "icon-small.png"; path = "Images/icon-small.png"; sourceTree = "<group>"; };
		42E23B7A18AFA85F00152E6D /* icon-small@2x.png */ = {isa = PBXFileReference; lastKnownFileType = image.png; name = "icon-small@2x.png"; path = "Images/icon-small@2x.png"; sourceTree = "<group>"; };
		42E23B7B18AFA85F00152E6D /* icon.png */ = {isa = PBXFileReference; lastKnownFileType = image.png; name = icon.png; path = Images/icon.png; sourceTree = "<group>"; };
		42E23B7C18AFA85F00152E6D /* icon@2x.png */ = {isa = PBXFileReference; lastKnownFileType = image.png; name = "icon@2x.png"; path = "Images/icon@2x.png"; sourceTree = "<group>"; };
		42E23B8B18AFBFE400152E6D /* CRConfigRootViewController.h */ = {isa = PBXFileReference; fileEncoding = 4; lastKnownFileType = sourcecode.c.h; name = CRConfigRootViewController.h; path = ViewController/CRConfigRootViewController.h; sourceTree = "<group>"; };
		42E23B8C18AFBFE400152E6D /* CRConfigRootViewController.m */ = {isa = PBXFileReference; fileEncoding = 4; lastKnownFileType = sourcecode.c.objc; name = CRConfigRootViewController.m; path = ViewController/CRConfigRootViewController.m; sourceTree = "<group>"; };
		42E23B8E18AFC15F00152E6D /* ConfigCell.xib */ = {isa = PBXFileReference; fileEncoding = 4; lastKnownFileType = file.xib; path = ConfigCell.xib; sourceTree = "<group>"; };
		42E23B9018AFC19D00152E6D /* CRConfigCell.h */ = {isa = PBXFileReference; fileEncoding = 4; lastKnownFileType = sourcecode.c.h; name = CRConfigCell.h; path = View/CRConfigCell.h; sourceTree = "<group>"; };
		42E23B9118AFC19D00152E6D /* CRConfigCell.m */ = {isa = PBXFileReference; fileEncoding = 4; lastKnownFileType = sourcecode.c.objc; name = CRConfigCell.m; path = View/CRConfigCell.m; sourceTree = "<group>"; };
		42E23B9318AFD62800152E6D /* LICENSE */ = {isa = PBXFileReference; fileEncoding = 4; lastKnownFileType = text; path = LICENSE; sourceTree = "<group>"; };
		42E23B9518AFD75B00152E6D /* CRLicenceInformationViewController.h */ = {isa = PBXFileReference; fileEncoding = 4; lastKnownFileType = sourcecode.c.h; name = CRLicenceInformationViewController.h; path = ViewController/CRLicenceInformationViewController.h; sourceTree = "<group>"; };
		42E23B9618AFD75B00152E6D /* CRLicenceInformationViewController.m */ = {isa = PBXFileReference; fileEncoding = 4; lastKnownFileType = sourcecode.c.objc; name = CRLicenceInformationViewController.m; path = ViewController/CRLicenceInformationViewController.m; sourceTree = "<group>"; };
		42E23B9818AFE34E00152E6D /* CRAboutViewController.h */ = {isa = PBXFileReference; fileEncoding = 4; lastKnownFileType = sourcecode.c.h; name = CRAboutViewController.h; path = ViewController/CRAboutViewController.h; sourceTree = "<group>"; };
		42E23B9918AFE34E00152E6D /* CRAboutViewController.m */ = {isa = PBXFileReference; fileEncoding = 4; lastKnownFileType = sourcecode.c.objc; name = CRAboutViewController.m; path = ViewController/CRAboutViewController.m; sourceTree = "<group>"; };
		42E23B9B18AFF03300152E6D /* Social.framework */ = {isa = PBXFileReference; lastKnownFileType = wrapper.framework; name = Social.framework; path = System/Library/Frameworks/Social.framework; sourceTree = SDKROOT; };
		42E23BA118AFF9A100152E6D /* share_button.png */ = {isa = PBXFileReference; lastKnownFileType = image.png; path = share_button.png; sourceTree = "<group>"; };
		42FA30D618A6969F0061B778 /* CRConfiguration.h */ = {isa = PBXFileReference; fileEncoding = 4; lastKnownFileType = sourcecode.c.h; name = CRConfiguration.h; path = Utility/CRConfiguration.h; sourceTree = "<group>"; };
		42FA30D718A6969F0061B778 /* CRConfiguration.m */ = {isa = PBXFileReference; fileEncoding = 4; lastKnownFileType = sourcecode.c.objc; name = CRConfiguration.m; path = Utility/CRConfiguration.m; sourceTree = "<group>"; };
		42FA30DA18A7743A0061B778 /* table_indicator.png */ = {isa = PBXFileReference; lastKnownFileType = image.png; name = table_indicator.png; path = Images/table_indicator.png; sourceTree = "<group>"; };
		42FA30E818A903580061B778 /* ResultMemoCell.xib */ = {isa = PBXFileReference; fileEncoding = 4; lastKnownFileType = file.xib; path = ResultMemoCell.xib; sourceTree = "<group>"; };
		42FA30EA18A9047C0061B778 /* CRResultMemoCell.h */ = {isa = PBXFileReference; fileEncoding = 4; lastKnownFileType = sourcecode.c.h; name = CRResultMemoCell.h; path = View/CRResultMemoCell.h; sourceTree = "<group>"; };
		42FA30EB18A9047C0061B778 /* CRResultMemoCell.m */ = {isa = PBXFileReference; fileEncoding = 4; lastKnownFileType = sourcecode.c.objc; name = CRResultMemoCell.m; path = View/CRResultMemoCell.m; sourceTree = "<group>"; };
		42FA30ED18A936D50061B778 /* ja */ = {isa = PBXFileReference; lastKnownFileType = text.plist.strings; name = ja; path = ja.lproj/Main.strings; sourceTree = "<group>"; };
		42FA30EE18A936DB0061B778 /* en */ = {isa = PBXFileReference; lastKnownFileType = text.plist.strings; name = en; path = en.lproj/Main.strings; sourceTree = "<group>"; };
		42FA30F018A937C60061B778 /* en */ = {isa = PBXFileReference; lastKnownFileType = text.plist.strings; name = en; path = en.lproj/Localizable.strings; sourceTree = "<group>"; };
		42FA30F518A937F20061B778 /* ja */ = {isa = PBXFileReference; lastKnownFileType = text.plist.strings; name = ja; path = ja.lproj/Localizable.strings; sourceTree = "<group>"; };
/* End PBXFileReference section */

/* Begin PBXFrameworksBuildPhase section */
		428AA41C18840D1400401165 /* Frameworks */ = {
			isa = PBXFrameworksBuildPhase;
			buildActionMask = 2147483647;
			files = (
				42E23B9C18AFF03300152E6D /* Social.framework in Frameworks */,
				42D0A5F4189E281200CCE450 /* AssetsLibrary.framework in Frameworks */,
				428AA42518840D1400401165 /* CoreGraphics.framework in Frameworks */,
				428AA42918840D1400401165 /* CoreData.framework in Frameworks */,
				428AA42718840D1400401165 /* UIKit.framework in Frameworks */,
				428AA42318840D1400401165 /* Foundation.framework in Frameworks */,
			);
			runOnlyForDeploymentPostprocessing = 0;
		};
		428AA44518840D1400401165 /* Frameworks */ = {
			isa = PBXFrameworksBuildPhase;
			buildActionMask = 2147483647;
			files = (
				428AA44A18840D1400401165 /* XCTest.framework in Frameworks */,
				428AA44D18840D1400401165 /* CoreData.framework in Frameworks */,
				428AA44C18840D1400401165 /* UIKit.framework in Frameworks */,
				428AA44B18840D1400401165 /* Foundation.framework in Frameworks */,
			);
			runOnlyForDeploymentPostprocessing = 0;
		};
/* End PBXFrameworksBuildPhase section */

/* Begin PBXGroup section */
		428AA41618840D1400401165 = {
			isa = PBXGroup;
			children = (
				42C8B4E818ABAF87006DBA4A /* UbiquityStoreManager */,
				428AA42A18840D1400401165 /* CoffeeRoastLogger */,
				428AA45018840D1400401165 /* CoffeeRoastLoggerTests */,
				428AA42118840D1400401165 /* Frameworks */,
				428AA42018840D1400401165 /* Products */,
			);
			sourceTree = "<group>";
		};
		428AA42018840D1400401165 /* Products */ = {
			isa = PBXGroup;
			children = (
				428AA41F18840D1400401165 /* CoffeeRoastLogger.app */,
				428AA44818840D1400401165 /* CoffeeRoastLoggerTests.xctest */,
			);
			name = Products;
			sourceTree = "<group>";
		};
		428AA42118840D1400401165 /* Frameworks */ = {
			isa = PBXGroup;
			children = (
				42E23B9B18AFF03300152E6D /* Social.framework */,
				42D0A5F3189E281200CCE450 /* AssetsLibrary.framework */,
				428AA42218840D1400401165 /* Foundation.framework */,
				428AA42418840D1400401165 /* CoreGraphics.framework */,
				428AA42618840D1400401165 /* UIKit.framework */,
				428AA42818840D1400401165 /* CoreData.framework */,
				428AA44918840D1400401165 /* XCTest.framework */,
			);
			name = Frameworks;
			sourceTree = "<group>";
		};
		428AA42A18840D1400401165 /* CoffeeRoastLogger */ = {
			isa = PBXGroup;
			children = (
				42CCF34118A3EEC500E87843 /* CoffeeRoastLogger.entitlements */,
				42D0A5EF189D085000CCE450 /* Uitility */,
				42CCF2D21897C14300E87843 /* View */,
				42B5DB3D1894E3B200F0710E /* ViewController */,
				428AA49118842D2500401165 /* Information */,
				428AA47E1884269400401165 /* Model */,
				428AA46018840D2E00401165 /* Resources */,
				428AA43318840D1400401165 /* CRAppDelegate.h */,
				428AA43418840D1400401165 /* CRAppDelegate.m */,
				428AA43618840D1400401165 /* Main.storyboard */,
				428AA44218840D1400401165 /* Images.xcassets */,
				428AA42B18840D1400401165 /* Supporting Files */,
				428AA48E18842B9800401165 /* CRRoastManager.h */,
				428AA48F18842B9800401165 /* CRRoastManager.m */,
				428AA4B91886DB7100401165 /* CRRoastDataSource.h */,
				428AA4BA1886DB7100401165 /* CRRoastDataSource.m */,
				42C8B4FB18AE8B29006DBA4A /* CRTypes.h */,
				42C8B4FC18AE8B29006DBA4A /* CRTypes.m */,
			);
			path = CoffeeRoastLogger;
			sourceTree = "<group>";
		};
		428AA42B18840D1400401165 /* Supporting Files */ = {
			isa = PBXGroup;
			children = (
				42FA30F718A943240061B778 /* Base.lproj */,
				42FA30F318A937DA0061B778 /* ja.lproj */,
				42FA30F218A937CB0061B778 /* en.lproj */,
				428AA42C18840D1400401165 /* CoffeeRoastLogger-Info.plist */,
				428AA43018840D1400401165 /* main.m */,
				428AA43218840D1400401165 /* CoffeeRoastLogger-Prefix.pch */,
			);
			name = "Supporting Files";
			sourceTree = "<group>";
		};
		428AA45018840D1400401165 /* CoffeeRoastLoggerTests */ = {
			isa = PBXGroup;
			children = (
				428AA45618840D1400401165 /* CoffeeRoastLoggerTests.m */,
				428AA45118840D1400401165 /* Supporting Files */,
			);
			path = CoffeeRoastLoggerTests;
			sourceTree = "<group>";
		};
		428AA45118840D1400401165 /* Supporting Files */ = {
			isa = PBXGroup;
			children = (
				428AA45218840D1400401165 /* CoffeeRoastLoggerTests-Info.plist */,
			);
			name = "Supporting Files";
			sourceTree = "<group>";
		};
		428AA46018840D2E00401165 /* Resources */ = {
			isa = PBXGroup;
			children = (
				42E23B9318AFD62800152E6D /* LICENSE */,
				42FA30D918A773E70061B778 /* Images */,
				428AA46118840D3D00401165 /* CRCoffeeData.xcdatamodeld */,
				42CCF2D01897C0AC00E87843 /* TwoItemsCell.xib */,
				42CCF31C189951BD00E87843 /* ConditionCell.xib */,
				42CCF321189D56EC00E87843 /* EmptyCell.xib */,
				42D0A5F8189E304A00CCE450 /* ImageRootCell.xib */,
				42CCF33018A2510900E87843 /* RoastItemCell.xib */,
				42CCF33F18A3EC2A00E87843 /* TwoItemResultCell.xib */,
				42CCF34218A6015300E87843 /* ResultItemCell.xib */,
				42CCF34718A60D4200E87843 /* ResultItemHeaderCell.xib */,
				42FA30E818A903580061B778 /* ResultMemoCell.xib */,
				42E23B8E18AFC15F00152E6D /* ConfigCell.xib */,
			);
			path = Resources;
			sourceTree = "<group>";
		};
		428AA47E1884269400401165 /* Model */ = {
			isa = PBXGroup;
			children = (
				42C8B4E518AA6815006DBA4A /* CRHeating.h */,
				42C8B4E618AA6815006DBA4A /* CRHeating.m */,
				42C8B4E218AA6815006DBA4A /* CRRoast.h */,
				42C8B4E318AA6815006DBA4A /* CRRoast.m */,
				42C8B4DF18AA6815006DBA4A /* CREnvironment.h */,
				42C8B4E018AA6815006DBA4A /* CREnvironment.m */,
				42C8B4DC18AA6814006DBA4A /* CRBean.h */,
				42C8B4DD18AA6814006DBA4A /* CRBean.m */,
			);
			path = Model;
			sourceTree = "<group>";
		};
		428AA49118842D2500401165 /* Information */ = {
			isa = PBXGroup;
			children = (
				428AA49B18842DFB00401165 /* CRBeanInformation.h */,
				428AA49C18842DFB00401165 /* CRBeanInformation.m */,
				428AA49818842DEB00401165 /* CREnvironmentInformation.h */,
				428AA49918842DEB00401165 /* CREnvironmentInformation.m */,
				428AA49518842DD200401165 /* CRHeatingInformation.h */,
				428AA49618842DD200401165 /* CRHeatingInformation.m */,
				428AA49218842D3400401165 /* CRRoastInformation.h */,
				428AA49318842D3400401165 /* CRRoastInformation.m */,
			);
			path = Information;
			sourceTree = "<group>";
		};
		42B5DB3D1894E3B200F0710E /* ViewController */ = {
			isa = PBXGroup;
			children = (
				428AA43C18840D1400401165 /* CRRoastContentsViewController.h */,
				428AA43D18840D1400401165 /* CRRoastContentsViewController.m */,
				42B5DB3E1894E93200F0710E /* CRRoastItemEditingViewController.h */,
				42B5DB3F1894E93200F0710E /* CRRoastItemEditingViewController.m */,
				42CCF3191897E80900E87843 /* CRDateEditingViewController.h */,
				42CCF31A1897E80900E87843 /* CRDateEditingViewController.m */,
				42D0A5F5189E28A700CCE450 /* CRImagePickerRootViewController.h */,
				42D0A5F6189E28A700CCE450 /* CRImagePickerRootViewController.m */,
				42D0A5FD189E338200CCE450 /* CRAlbumContentsViewController.h */,
				42D0A5FE189E338200CCE450 /* CRAlbumContentsViewController.m */,
				42CCF326189FC93A00E87843 /* CRSelectedPhotoViewController.h */,
				42CCF327189FC93A00E87843 /* CRSelectedPhotoViewController.m */,
				42CCF33518A2577100E87843 /* CRRoastItemResultViewController.h */,
				42CCF33618A2577100E87843 /* CRRoastItemResultViewController.m */,
				42C8B4F818AD140C006DBA4A /* CRMainViewController.h */,
				42C8B4F918AD140C006DBA4A /* CRMainViewController.m */,
				42E23B8B18AFBFE400152E6D /* CRConfigRootViewController.h */,
				42E23B8C18AFBFE400152E6D /* CRConfigRootViewController.m */,
				42E23B9518AFD75B00152E6D /* CRLicenceInformationViewController.h */,
				42E23B9618AFD75B00152E6D /* CRLicenceInformationViewController.m */,
				42E23B9818AFE34E00152E6D /* CRAboutViewController.h */,
				42E23B9918AFE34E00152E6D /* CRAboutViewController.m */,
			);
			name = ViewController;
			sourceTree = "<group>";
		};
		42C8B4E818ABAF87006DBA4A /* UbiquityStoreManager */ = {
			isa = PBXGroup;
			children = (
				42C8B4F018ABB81F006DBA4A /* JRSwizzle.h */,
				42C8B4F118ABB81F006DBA4A /* JRSwizzle.m */,
				42C8B4E918ABAFA9006DBA4A /* NSError+UbiquityStoreManager.h */,
				42C8B4EA18ABAFA9006DBA4A /* NSError+UbiquityStoreManager.m */,
				42C8B4EB18ABAFA9006DBA4A /* UbiquityStoreManager.h */,
				42C8B4EC18ABAFA9006DBA4A /* UbiquityStoreManager.m */,
			);
			name = UbiquityStoreManager;
			sourceTree = "<group>";
		};
		42CCF2D21897C14300E87843 /* View */ = {
			isa = PBXGroup;
			children = (
				42CCF2D31897C16200E87843 /* CRTwoItemsCell.h */,
				42CCF2D41897C16200E87843 /* CRTwoItemsCell.m */,
				42CCF31E1899527500E87843 /* CRConditionCell.h */,
				42CCF31F1899527500E87843 /* CRConditionCell.m */,
				42D0A5EC189CF6B500CCE450 /* CRMemoTextView.h */,
				42D0A5ED189CF6B500CCE450 /* CRMemoTextView.m */,
				42CCF323189D570400E87843 /* CREmptyCell.h */,
				42CCF324189D570400E87843 /* CREmptyCell.m */,
				42D0A5FA189E30DD00CCE450 /* CRImageRootViewCell.h */,
				42D0A5FB189E30DD00CCE450 /* CRImageRootViewCell.m */,
				42CCF32D18A12BFC00E87843 /* CRDatePickerAlertView.h */,
				42CCF32E18A12BFC00E87843 /* CRDatePickerAlertView.m */,
				42CCF33218A2519D00E87843 /* CRRoastItemCell.h */,
				42CCF33318A2519D00E87843 /* CRRoastItemCell.m */,
				42CCF33818A295FB00E87843 /* CRTwoItemsCellButton.h */,
				42CCF33918A295FB00E87843 /* CRTwoItemsCellButton.m */,
				42CCF34418A601E700E87843 /* CRResultItemCell.h */,
				42CCF34518A601E700E87843 /* CRResultItemCell.m */,
				42CCF34918A613DD00E87843 /* CRResultItemHeaderCell.h */,
				42CCF34A18A613DD00E87843 /* CRResultItemHeaderCell.m */,
				42FA30EA18A9047C0061B778 /* CRResultMemoCell.h */,
				42FA30EB18A9047C0061B778 /* CRResultMemoCell.m */,
				42E23B9018AFC19D00152E6D /* CRConfigCell.h */,
				42E23B9118AFC19D00152E6D /* CRConfigCell.m */,
			);
			name = View;
			sourceTree = "<group>";
		};
		42D0A5EF189D085000CCE450 /* Uitility */ = {
			isa = PBXGroup;
			children = (
				42D0A5F0189D086C00CCE450 /* CRUtility.h */,
				42D0A5F1189D086C00CCE450 /* CRUtility.m */,
				42FA30D618A6969F0061B778 /* CRConfiguration.h */,
				42FA30D718A6969F0061B778 /* CRConfiguration.m */,
			);
			name = Uitility;
			sourceTree = "<group>";
		};
		42FA30D918A773E70061B778 /* Images */ = {
			isa = PBXGroup;
			children = (
				42E23BA118AFF9A100152E6D /* share_button.png */,
				42E23B6F18AFA85F00152E6D /* default.png */,
				42E23B7018AFA85F00152E6D /* icon-60@2x.png */,
				42E23B7118AFA85F00152E6D /* icon-72.png */,
				42E23B7218AFA85F00152E6D /* icon-72@2x.png */,
				42E23B7318AFA85F00152E6D /* icon-76.png */,
				42E23B7418AFA85F00152E6D /* icon-76@2x.png */,
				42E23B7518AFA85F00152E6D /* icon-small-40.png */,
				42E23B7618AFA85F00152E6D /* icon-small-40@2x.png */,
				42E23B7718AFA85F00152E6D /* icon-small-50.png */,
				42E23B7818AFA85F00152E6D /* icon-small-50@2x.png */,
				42E23B7918AFA85F00152E6D /* icon-small.png */,
				42E23B7A18AFA85F00152E6D /* icon-small@2x.png */,
				42E23B7B18AFA85F00152E6D /* icon.png */,
				42E23B7C18AFA85F00152E6D /* icon@2x.png */,
				42FA30DA18A7743A0061B778 /* table_indicator.png */,
			);
			name = Images;
			sourceTree = "<group>";
		};
		42FA30F218A937CB0061B778 /* en.lproj */ = {
			isa = PBXGroup;
			children = (
				42FA30EF18A937C60061B778 /* Localizable.strings */,
			);
			name = en.lproj;
			sourceTree = "<group>";
		};
		42FA30F318A937DA0061B778 /* ja.lproj */ = {
			isa = PBXGroup;
			children = (
				42FA30F418A937F20061B778 /* Localizable.strings */,
			);
			name = ja.lproj;
			sourceTree = "<group>";
		};
		42FA30F718A943240061B778 /* Base.lproj */ = {
			isa = PBXGroup;
			children = (
				42C8B51A18AF8E0D006DBA4A /* Localizable.strings */,
			);
			name = Base.lproj;
			sourceTree = "<group>";
		};
/* End PBXGroup section */

/* Begin PBXNativeTarget section */
		428AA41E18840D1400401165 /* CoffeeRoastLogger */ = {
			isa = PBXNativeTarget;
			buildConfigurationList = 428AA45A18840D1400401165 /* Build configuration list for PBXNativeTarget "CoffeeRoastLogger" */;
			buildPhases = (
				428AA41B18840D1400401165 /* Sources */,
				428AA41C18840D1400401165 /* Frameworks */,
				428AA41D18840D1400401165 /* Resources */,
			);
			buildRules = (
			);
			dependencies = (
			);
			name = CoffeeRoastLogger;
			productName = CoffeeRoastLogger;
			productReference = 428AA41F18840D1400401165 /* CoffeeRoastLogger.app */;
			productType = "com.apple.product-type.application";
		};
		428AA44718840D1400401165 /* CoffeeRoastLoggerTests */ = {
			isa = PBXNativeTarget;
			buildConfigurationList = 428AA45D18840D1400401165 /* Build configuration list for PBXNativeTarget "CoffeeRoastLoggerTests" */;
			buildPhases = (
				428AA44418840D1400401165 /* Sources */,
				428AA44518840D1400401165 /* Frameworks */,
				428AA44618840D1400401165 /* Resources */,
			);
			buildRules = (
			);
			dependencies = (
				428AA44F18840D1400401165 /* PBXTargetDependency */,
			);
			name = CoffeeRoastLoggerTests;
			productName = CoffeeRoastLoggerTests;
			productReference = 428AA44818840D1400401165 /* CoffeeRoastLoggerTests.xctest */;
			productType = "com.apple.product-type.bundle.unit-test";
		};
/* End PBXNativeTarget section */

/* Begin PBXProject section */
		428AA41718840D1400401165 /* Project object */ = {
			isa = PBXProject;
			attributes = {
				CLASSPREFIX = CR;
				LastUpgradeCheck = 0500;
				ORGANIZATIONNAME = "Hiraku Ohno";
				TargetAttributes = {
					428AA41E18840D1400401165 = {
						DevelopmentTeam = 5M2EQKMGE5;
						SystemCapabilities = {
							com.apple.iCloud = {
								enabled = 1;
							};
						};
					};
					428AA44718840D1400401165 = {
						TestTargetID = 428AA41E18840D1400401165;
					};
				};
			};
			buildConfigurationList = 428AA41A18840D1400401165 /* Build configuration list for PBXProject "CoffeeRoastLogger" */;
			compatibilityVersion = "Xcode 3.2";
			developmentRegion = English;
			hasScannedForEncodings = 0;
			knownRegions = (
				en,
				Base,
				ja,
			);
			mainGroup = 428AA41618840D1400401165;
			productRefGroup = 428AA42018840D1400401165 /* Products */;
			projectDirPath = "";
			projectRoot = "";
			targets = (
				428AA41E18840D1400401165 /* CoffeeRoastLogger */,
				428AA44718840D1400401165 /* CoffeeRoastLoggerTests */,
			);
		};
/* End PBXProject section */

/* Begin PBXResourcesBuildPhase section */
		428AA41D18840D1400401165 /* Resources */ = {
			isa = PBXResourcesBuildPhase;
			buildActionMask = 2147483647;
			files = (
				42FA30E918A903580061B778 /* ResultMemoCell.xib in Resources */,
				42E23B8A18AFA85F00152E6D /* icon@2x.png in Resources */,
				42E23B8118AFA85F00152E6D /* icon-76.png in Resources */,
				428AA44318840D1400401165 /* Images.xcassets in Resources */,
				42E23B7E18AFA85F00152E6D /* icon-60@2x.png in Resources */,
				42CCF34818A60D4200E87843 /* ResultItemHeaderCell.xib in Resources */,
				42E23B7D18AFA85F00152E6D /* default.png in Resources */,
				42FA30F618A937F20061B778 /* Localizable.strings in Resources */,
				42CCF33118A2510900E87843 /* RoastItemCell.xib in Resources */,
				42E23B9418AFD62800152E6D /* LICENSE in Resources */,
				42E23B8918AFA85F00152E6D /* icon.png in Resources */,
				42CCF34318A6015300E87843 /* ResultItemCell.xib in Resources */,
				42E23B8618AFA85F00152E6D /* icon-small-50@2x.png in Resources */,
				42CCF31D189951BD00E87843 /* ConditionCell.xib in Resources */,
				42FA30DB18A7743A0061B778 /* table_indicator.png in Resources */,
				428AA43818840D1400401165 /* Main.storyboard in Resources */,
				42E23B8318AFA85F00152E6D /* icon-small-40.png in Resources */,
				42E23BA218AFF9A100152E6D /* share_button.png in Resources */,
				42E23B8518AFA85F00152E6D /* icon-small-50.png in Resources */,
				42E23B8218AFA85F00152E6D /* icon-76@2x.png in Resources */,
				42E23B8718AFA85F00152E6D /* icon-small.png in Resources */,
				42E23B7F18AFA85F00152E6D /* icon-72.png in Resources */,
				42E23B8018AFA85F00152E6D /* icon-72@2x.png in Resources */,
				42CCF34018A3EC2A00E87843 /* TwoItemResultCell.xib in Resources */,
				42E23B8418AFA85F00152E6D /* icon-small-40@2x.png in Resources */,
				42C8B51C18AF8E0D006DBA4A /* Localizable.strings in Resources */,
				42FA30F118A937C60061B778 /* Localizable.strings in Resources */,
				42CCF2D11897C0AC00E87843 /* TwoItemsCell.xib in Resources */,
				42E23B8818AFA85F00152E6D /* icon-small@2x.png in Resources */,
				42D0A5F9189E304A00CCE450 /* ImageRootCell.xib in Resources */,
				42E23B8F18AFC15F00152E6D /* ConfigCell.xib in Resources */,
				42CCF322189D56EC00E87843 /* EmptyCell.xib in Resources */,
			);
			runOnlyForDeploymentPostprocessing = 0;
		};
		428AA44618840D1400401165 /* Resources */ = {
			isa = PBXResourcesBuildPhase;
			buildActionMask = 2147483647;
			files = (
			);
			runOnlyForDeploymentPostprocessing = 0;
		};
/* End PBXResourcesBuildPhase section */

/* Begin PBXSourcesBuildPhase section */
		428AA41B18840D1400401165 /* Sources */ = {
			isa = PBXSourcesBuildPhase;
			buildActionMask = 2147483647;
			files = (
				428AA49718842DD200401165 /* CRHeatingInformation.m in Sources */,
				42CCF2D51897C16200E87843 /* CRTwoItemsCell.m in Sources */,
				42C8B4E418AA6815006DBA4A /* CRRoast.m in Sources */,
				42CCF33718A2577100E87843 /* CRRoastItemResultViewController.m in Sources */,
				42D0A5F2189D086C00CCE450 /* CRUtility.m in Sources */,
				428AA49A18842DEB00401165 /* CREnvironmentInformation.m in Sources */,
				42FA30EC18A9047C0061B778 /* CRResultMemoCell.m in Sources */,
				42E23B9718AFD75B00152E6D /* CRLicenceInformationViewController.m in Sources */,
				42D0A5FF189E338200CCE450 /* CRAlbumContentsViewController.m in Sources */,
				42CCF31B1897E80900E87843 /* CRDateEditingViewController.m in Sources */,
				42C8B4E718AA6815006DBA4A /* CRHeating.m in Sources */,
				428AA46318840D3D00401165 /* CRCoffeeData.xcdatamodeld in Sources */,
				42CCF32F18A12BFC00E87843 /* CRDatePickerAlertView.m in Sources */,
				42CCF34618A601E700E87843 /* CRResultItemCell.m in Sources */,
				42CCF34B18A613DD00E87843 /* CRResultItemHeaderCell.m in Sources */,
				42E23B9A18AFE34E00152E6D /* CRAboutViewController.m in Sources */,
				42CCF33418A2519D00E87843 /* CRRoastItemCell.m in Sources */,
				42CCF328189FC93A00E87843 /* CRSelectedPhotoViewController.m in Sources */,
				42C8B4FD18AE8B29006DBA4A /* CRTypes.m in Sources */,
				42D0A5F7189E28A700CCE450 /* CRImagePickerRootViewController.m in Sources */,
				42CCF325189D570400E87843 /* CREmptyCell.m in Sources */,
				42C8B4FA18AD140C006DBA4A /* CRMainViewController.m in Sources */,
				428AA49D18842DFB00401165 /* CRBeanInformation.m in Sources */,
				42C8B4EE18ABAFA9006DBA4A /* UbiquityStoreManager.m in Sources */,
				42D0A5FC189E30DD00CCE450 /* CRImageRootViewCell.m in Sources */,
				428AA43118840D1400401165 /* main.m in Sources */,
				428AA49018842B9800401165 /* CRRoastManager.m in Sources */,
				428AA43518840D1400401165 /* CRAppDelegate.m in Sources */,
				42D0A5EE189CF6B500CCE450 /* CRMemoTextView.m in Sources */,
				42E23B9218AFC19D00152E6D /* CRConfigCell.m in Sources */,
				42E23B8D18AFBFE400152E6D /* CRConfigRootViewController.m in Sources */,
				428AA49418842D3400401165 /* CRRoastInformation.m in Sources */,
				42FA30D818A6969F0061B778 /* CRConfiguration.m in Sources */,
				42CCF33A18A295FB00E87843 /* CRTwoItemsCellButton.m in Sources */,
				42CCF3201899527500E87843 /* CRConditionCell.m in Sources */,
				428AA43E18840D1400401165 /* CRRoastContentsViewController.m in Sources */,
				428AA4BB1886DB7100401165 /* CRRoastDataSource.m in Sources */,
				42C8B4DE18AA6814006DBA4A /* CRBean.m in Sources */,
				42C8B4ED18ABAFA9006DBA4A /* NSError+UbiquityStoreManager.m in Sources */,
				42C8B4E118AA6815006DBA4A /* CREnvironment.m in Sources */,
				42C8B4F218ABB81F006DBA4A /* JRSwizzle.m in Sources */,
				42B5DB401894E93200F0710E /* CRRoastItemEditingViewController.m in Sources */,
			);
			runOnlyForDeploymentPostprocessing = 0;
		};
		428AA44418840D1400401165 /* Sources */ = {
			isa = PBXSourcesBuildPhase;
			buildActionMask = 2147483647;
			files = (
				428AA45718840D1400401165 /* CoffeeRoastLoggerTests.m in Sources */,
			);
			runOnlyForDeploymentPostprocessing = 0;
		};
/* End PBXSourcesBuildPhase section */

/* Begin PBXTargetDependency section */
		428AA44F18840D1400401165 /* PBXTargetDependency */ = {
			isa = PBXTargetDependency;
			target = 428AA41E18840D1400401165 /* CoffeeRoastLogger */;
			targetProxy = 428AA44E18840D1400401165 /* PBXContainerItemProxy */;
		};
/* End PBXTargetDependency section */

/* Begin PBXVariantGroup section */
		428AA43618840D1400401165 /* Main.storyboard */ = {
			isa = PBXVariantGroup;
			children = (
				428AA43718840D1400401165 /* Base */,
				42FA30ED18A936D50061B778 /* ja */,
				42FA30EE18A936DB0061B778 /* en */,
			);
			name = Main.storyboard;
			sourceTree = "<group>";
		};
		42C8B51A18AF8E0D006DBA4A /* Localizable.strings */ = {
			isa = PBXVariantGroup;
			children = (
				42C8B51B18AF8E0D006DBA4A /* Base */,
			);
			name = Localizable.strings;
			sourceTree = "<group>";
		};
		42FA30EF18A937C60061B778 /* Localizable.strings */ = {
			isa = PBXVariantGroup;
			children = (
				42FA30F018A937C60061B778 /* en */,
			);
			name = Localizable.strings;
			sourceTree = "<group>";
		};
		42FA30F418A937F20061B778 /* Localizable.strings */ = {
			isa = PBXVariantGroup;
			children = (
				42FA30F518A937F20061B778 /* ja */,
			);
			name = Localizable.strings;
			sourceTree = "<group>";
		};
/* End PBXVariantGroup section */

/* Begin XCBuildConfiguration section */
		428AA45818840D1400401165 /* Debug */ = {
			isa = XCBuildConfiguration;
			buildSettings = {
				ALWAYS_SEARCH_USER_PATHS = NO;
				ARCHS = "$(ARCHS_STANDARD_INCLUDING_64_BIT)";
				CLANG_CXX_LANGUAGE_STANDARD = "gnu++0x";
				CLANG_CXX_LIBRARY = "libc++";
				CLANG_ENABLE_MODULES = YES;
				CLANG_ENABLE_OBJC_ARC = YES;
				CLANG_WARN_BOOL_CONVERSION = YES;
				CLANG_WARN_CONSTANT_CONVERSION = YES;
				CLANG_WARN_DIRECT_OBJC_ISA_USAGE = YES_ERROR;
				CLANG_WARN_EMPTY_BODY = YES;
				CLANG_WARN_ENUM_CONVERSION = YES;
				CLANG_WARN_INT_CONVERSION = YES;
				CLANG_WARN_OBJC_ROOT_CLASS = YES_ERROR;
				CLANG_WARN__DUPLICATE_METHOD_MATCH = YES;
				"CODE_SIGN_IDENTITY[sdk=iphoneos*]" = "iPhone Developer";
				COPY_PHASE_STRIP = NO;
				GCC_C_LANGUAGE_STANDARD = gnu99;
				GCC_DYNAMIC_NO_PIC = NO;
				GCC_OPTIMIZATION_LEVEL = 0;
				GCC_PREPROCESSOR_DEFINITIONS = (
					"DEBUG=1",
					"$(inherited)",
				);
				GCC_SYMBOLS_PRIVATE_EXTERN = NO;
				GCC_WARN_64_TO_32_BIT_CONVERSION = YES;
				GCC_WARN_ABOUT_RETURN_TYPE = YES_ERROR;
				GCC_WARN_UNDECLARED_SELECTOR = YES;
				GCC_WARN_UNINITIALIZED_AUTOS = YES;
				GCC_WARN_UNUSED_FUNCTION = YES;
				GCC_WARN_UNUSED_VARIABLE = YES;
				IPHONEOS_DEPLOYMENT_TARGET = 7.0;
				ONLY_ACTIVE_ARCH = YES;
				SDKROOT = iphoneos;
			};
			name = Debug;
		};
		428AA45918840D1400401165 /* Release */ = {
			isa = XCBuildConfiguration;
			buildSettings = {
				ALWAYS_SEARCH_USER_PATHS = NO;
				ARCHS = "$(ARCHS_STANDARD_INCLUDING_64_BIT)";
				CLANG_CXX_LANGUAGE_STANDARD = "gnu++0x";
				CLANG_CXX_LIBRARY = "libc++";
				CLANG_ENABLE_MODULES = YES;
				CLANG_ENABLE_OBJC_ARC = YES;
				CLANG_WARN_BOOL_CONVERSION = YES;
				CLANG_WARN_CONSTANT_CONVERSION = YES;
				CLANG_WARN_DIRECT_OBJC_ISA_USAGE = YES_ERROR;
				CLANG_WARN_EMPTY_BODY = YES;
				CLANG_WARN_ENUM_CONVERSION = YES;
				CLANG_WARN_INT_CONVERSION = YES;
				CLANG_WARN_OBJC_ROOT_CLASS = YES_ERROR;
				CLANG_WARN__DUPLICATE_METHOD_MATCH = YES;
				"CODE_SIGN_IDENTITY[sdk=iphoneos*]" = "iPhone Developer";
				COPY_PHASE_STRIP = YES;
				ENABLE_NS_ASSERTIONS = NO;
				GCC_C_LANGUAGE_STANDARD = gnu99;
				GCC_WARN_64_TO_32_BIT_CONVERSION = YES;
				GCC_WARN_ABOUT_RETURN_TYPE = YES_ERROR;
				GCC_WARN_UNDECLARED_SELECTOR = YES;
				GCC_WARN_UNINITIALIZED_AUTOS = YES;
				GCC_WARN_UNUSED_FUNCTION = YES;
				GCC_WARN_UNUSED_VARIABLE = YES;
				IPHONEOS_DEPLOYMENT_TARGET = 7.0;
				SDKROOT = iphoneos;
				VALIDATE_PRODUCT = YES;
			};
			name = Release;
		};
		428AA45B18840D1400401165 /* Debug */ = {
			isa = XCBuildConfiguration;
			buildSettings = {
				ASSETCATALOG_COMPILER_APPICON_NAME = AppIcon;
				ASSETCATALOG_COMPILER_LAUNCHIMAGE_NAME = LaunchImage;
				CODE_SIGN_ENTITLEMENTS = CoffeeRoastLogger/CoffeeRoastLogger.entitlements;
				CODE_SIGN_IDENTITY = "iPhone Developer: Hiraku Ohno (CVMC67499R)";
				GCC_PRECOMPILE_PREFIX_HEADER = YES;
				GCC_PREFIX_HEADER = "CoffeeRoastLogger/CoffeeRoastLogger-Prefix.pch";
				INFOPLIST_FILE = "CoffeeRoastLogger/CoffeeRoastLogger-Info.plist";
				PRODUCT_NAME = "$(TARGET_NAME)";
				PROVISIONING_PROFILE = "48DE90D9-763C-4294-B34C-90E65EC6268F";
				WRAPPER_EXTENSION = app;
			};
			name = Debug;
		};
		428AA45C18840D1400401165 /* Release */ = {
			isa = XCBuildConfiguration;
			buildSettings = {
				ASSETCATALOG_COMPILER_APPICON_NAME = AppIcon;
				ASSETCATALOG_COMPILER_LAUNCHIMAGE_NAME = LaunchImage;
				CODE_SIGN_ENTITLEMENTS = CoffeeRoastLogger/CoffeeRoastLogger.entitlements;
				CODE_SIGN_IDENTITY = "iPhone Developer: Hiraku Ohno (CVMC67499R)";
				GCC_PRECOMPILE_PREFIX_HEADER = YES;
				GCC_PREFIX_HEADER = "CoffeeRoastLogger/CoffeeRoastLogger-Prefix.pch";
				INFOPLIST_FILE = "CoffeeRoastLogger/CoffeeRoastLogger-Info.plist";
				PRODUCT_NAME = "$(TARGET_NAME)";
				PROVISIONING_PROFILE = "48DE90D9-763C-4294-B34C-90E65EC6268F";
				WRAPPER_EXTENSION = app;
			};
			name = Release;
		};
		428AA45E18840D1400401165 /* Debug */ = {
			isa = XCBuildConfiguration;
			buildSettings = {
				ARCHS = "$(ARCHS_STANDARD_INCLUDING_64_BIT)";
				BUNDLE_LOADER = "$(BUILT_PRODUCTS_DIR)/CoffeeRoastLogger.app/CoffeeRoastLogger";
				FRAMEWORK_SEARCH_PATHS = (
					"$(SDKROOT)/Developer/Library/Frameworks",
					"$(inherited)",
					"$(DEVELOPER_FRAMEWORKS_DIR)",
				);
				GCC_PRECOMPILE_PREFIX_HEADER = YES;
				GCC_PREFIX_HEADER = "CoffeeRoastLogger/CoffeeRoastLogger-Prefix.pch";
				GCC_PREPROCESSOR_DEFINITIONS = (
					"DEBUG=1",
					"$(inherited)",
				);
				INFOPLIST_FILE = "CoffeeRoastLoggerTests/CoffeeRoastLoggerTests-Info.plist";
				PRODUCT_NAME = "$(TARGET_NAME)";
				TEST_HOST = "$(BUNDLE_LOADER)";
				WRAPPER_EXTENSION = xctest;
			};
			name = Debug;
		};
		428AA45F18840D1400401165 /* Release */ = {
			isa = XCBuildConfiguration;
			buildSettings = {
				ARCHS = "$(ARCHS_STANDARD_INCLUDING_64_BIT)";
				BUNDLE_LOADER = "$(BUILT_PRODUCTS_DIR)/CoffeeRoastLogger.app/CoffeeRoastLogger";
				FRAMEWORK_SEARCH_PATHS = (
					"$(SDKROOT)/Developer/Library/Frameworks",
					"$(inherited)",
					"$(DEVELOPER_FRAMEWORKS_DIR)",
				);
				GCC_PRECOMPILE_PREFIX_HEADER = YES;
				GCC_PREFIX_HEADER = "CoffeeRoastLogger/CoffeeRoastLogger-Prefix.pch";
				INFOPLIST_FILE = "CoffeeRoastLoggerTests/CoffeeRoastLoggerTests-Info.plist";
				PRODUCT_NAME = "$(TARGET_NAME)";
				TEST_HOST = "$(BUNDLE_LOADER)";
				WRAPPER_EXTENSION = xctest;
			};
			name = Release;
		};
/* End XCBuildConfiguration section */

/* Begin XCConfigurationList section */
		428AA41A18840D1400401165 /* Build configuration list for PBXProject "CoffeeRoastLogger" */ = {
			isa = XCConfigurationList;
			buildConfigurations = (
				428AA45818840D1400401165 /* Debug */,
				428AA45918840D1400401165 /* Release */,
			);
			defaultConfigurationIsVisible = 0;
			defaultConfigurationName = Release;
		};
		428AA45A18840D1400401165 /* Build configuration list for PBXNativeTarget "CoffeeRoastLogger" */ = {
			isa = XCConfigurationList;
			buildConfigurations = (
				428AA45B18840D1400401165 /* Debug */,
				428AA45C18840D1400401165 /* Release */,
			);
			defaultConfigurationIsVisible = 0;
			defaultConfigurationName = Release;
		};
		428AA45D18840D1400401165 /* Build configuration list for PBXNativeTarget "CoffeeRoastLoggerTests" */ = {
			isa = XCConfigurationList;
			buildConfigurations = (
				428AA45E18840D1400401165 /* Debug */,
				428AA45F18840D1400401165 /* Release */,
			);
			defaultConfigurationIsVisible = 0;
			defaultConfigurationName = Release;
		};
/* End XCConfigurationList section */

/* Begin XCVersionGroup section */
		428AA46118840D3D00401165 /* CRCoffeeData.xcdatamodeld */ = {
			isa = XCVersionGroup;
			children = (
				428AA46218840D3D00401165 /* CRCoffeeData.xcdatamodel */,
			);
			currentVersion = 428AA46218840D3D00401165 /* CRCoffeeData.xcdatamodel */;
			path = CRCoffeeData.xcdatamodeld;
			sourceTree = "<group>";
			versionGroupType = wrapper.xcdatamodel;
		};
/* End XCVersionGroup section */
	};
	rootObject = 428AA41718840D1400401165 /* Project object */;
}
